// !$*UTF8*$!
{
	archiveVersion = 1;
	classes = {
	};
	objectVersion = 46;
	objects = {

/* Begin PBXBuildFile section */
		961DCA791784B2EE00B95EF9 /* Foundation.framework in Frameworks */ = {isa = PBXBuildFile; fileRef = 961DCA781784B2EE00B95EF9 /* Foundation.framework */; };
		961DCA7B1784B2EE00B95EF9 /* CoreGraphics.framework in Frameworks */ = {isa = PBXBuildFile; fileRef = 961DCA7A1784B2EE00B95EF9 /* CoreGraphics.framework */; };
		961DCA7D1784B2EE00B95EF9 /* UIKit.framework in Frameworks */ = {isa = PBXBuildFile; fileRef = 961DCA7C1784B2EE00B95EF9 /* UIKit.framework */; };
		961DCA831784B2EE00B95EF9 /* InfoPlist.strings in Resources */ = {isa = PBXBuildFile; fileRef = 961DCA811784B2EE00B95EF9 /* InfoPlist.strings */; };
		961DCA851784B2EE00B95EF9 /* main.m in Sources */ = {isa = PBXBuildFile; fileRef = 961DCA841784B2EE00B95EF9 /* main.m */; };
		961DCA891784B2EE00B95EF9 /* AppDelegate.m in Sources */ = {isa = PBXBuildFile; fileRef = 961DCA881784B2EE00B95EF9 /* AppDelegate.m */; };
		961DCA8C1784B2EE00B95EF9 /* Main_iPhone.storyboard in Resources */ = {isa = PBXBuildFile; fileRef = 961DCA8A1784B2EE00B95EF9 /* Main_iPhone.storyboard */; };
		961DCA8F1784B2EE00B95EF9 /* Main_iPad.storyboard in Resources */ = {isa = PBXBuildFile; fileRef = 961DCA8D1784B2EE00B95EF9 /* Main_iPad.storyboard */; };
		961DCA921784B2EE00B95EF9 /* ViewController.m in Sources */ = {isa = PBXBuildFile; fileRef = 961DCA911784B2EE00B95EF9 /* ViewController.m */; };
		961DCA941784B2EF00B95EF9 /* Images.xcassets in Resources */ = {isa = PBXBuildFile; fileRef = 961DCA931784B2EF00B95EF9 /* Images.xcassets */; };
		961DCA9B1784B2EF00B95EF9 /* XCTest.framework in Frameworks */ = {isa = PBXBuildFile; fileRef = 961DCA9A1784B2EF00B95EF9 /* XCTest.framework */; };
		961DCA9C1784B2EF00B95EF9 /* Foundation.framework in Frameworks */ = {isa = PBXBuildFile; fileRef = 961DCA781784B2EE00B95EF9 /* Foundation.framework */; };
		961DCA9D1784B2EF00B95EF9 /* UIKit.framework in Frameworks */ = {isa = PBXBuildFile; fileRef = 961DCA7C1784B2EE00B95EF9 /* UIKit.framework */; };
		961DCAA51784B2EF00B95EF9 /* InfoPlist.strings in Resources */ = {isa = PBXBuildFile; fileRef = 961DCAA31784B2EF00B95EF9 /* InfoPlist.strings */; };
		961DCAA71784B2EF00B95EF9 /* First_iAppTests.m in Sources */ = {isa = PBXBuildFile; fileRef = 961DCAA61784B2EF00B95EF9 /* First_iAppTests.m */; };
/* End PBXBuildFile section */

/* Begin PBXContainerItemProxy section */
		961DCA9E1784B2EF00B95EF9 /* PBXContainerItemProxy */ = {
			isa = PBXContainerItemProxy;
			containerPortal = 961DCA6D1784B2EE00B95EF9 /* Project object */;
			proxyType = 1;
			remoteGlobalIDString = 961DCA741784B2EE00B95EF9;
			remoteInfo = "First iApp";
		};
/* End PBXContainerItemProxy section */

/* Begin PBXFileReference section */
		961DCA751784B2EE00B95EF9 /* First iApp.app */ = {isa = PBXFileReference; explicitFileType = wrapper.application; includeInIndex = 0; path = "First iApp.app"; sourceTree = BUILT_PRODUCTS_DIR; };
		961DCA781784B2EE00B95EF9 /* Foundation.framework */ = {isa = PBXFileReference; lastKnownFileType = wrapper.framework; name = Foundation.framework; path = System/Library/Frameworks/Foundation.framework; sourceTree = SDKROOT; };
		961DCA7A1784B2EE00B95EF9 /* CoreGraphics.framework */ = {isa = PBXFileReference; lastKnownFileType = wrapper.framework; name = CoreGraphics.framework; path = System/Library/Frameworks/CoreGraphics.framework; sourceTree = SDKROOT; };
		961DCA7C1784B2EE00B95EF9 /* UIKit.framework */ = {isa = PBXFileReference; lastKnownFileType = wrapper.framework; name = UIKit.framework; path = System/Library/Frameworks/UIKit.framework; sourceTree = SDKROOT; };
		961DCA801784B2EE00B95EF9 /* First iApp-Info.plist */ = {isa = PBXFileReference; lastKnownFileType = text.plist.xml; path = "First iApp-Info.plist"; sourceTree = "<group>"; };
		961DCA821784B2EE00B95EF9 /* en */ = {isa = PBXFileReference; lastKnownFileType = text.plist.strings; name = en; path = en.lproj/InfoPlist.strings; sourceTree = "<group>"; };
		961DCA841784B2EE00B95EF9 /* main.m */ = {isa = PBXFileReference; lastKnownFileType = sourcecode.c.objc; path = main.m; sourceTree = "<group>"; };
		961DCA861784B2EE00B95EF9 /* First iApp-Prefix.pch */ = {isa = PBXFileReference; lastKnownFileType = sourcecode.c.h; path = "First iApp-Prefix.pch"; sourceTree = "<group>"; };
		961DCA871784B2EE00B95EF9 /* AppDelegate.h */ = {isa = PBXFileReference; lastKnownFileType = sourcecode.c.h; path = AppDelegate.h; sourceTree = "<group>"; };
		961DCA881784B2EE00B95EF9 /* AppDelegate.m */ = {isa = PBXFileReference; lastKnownFileType = sourcecode.c.objc; path = AppDelegate.m; sourceTree = "<group>"; };
		961DCA8B1784B2EE00B95EF9 /* Base */ = {isa = PBXFileReference; lastKnownFileType = file.storyboard; name = Base; path = Base.lproj/Main_iPhone.storyboard; sourceTree = "<group>"; };
		961DCA8E1784B2EE00B95EF9 /* Base */ = {isa = PBXFileReference; lastKnownFileType = file.storyboard; name = Base; path = Base.lproj/Main_iPad.storyboard; sourceTree = "<group>"; };
		961DCA901784B2EE00B95EF9 /* ViewController.h */ = {isa = PBXFileReference; lastKnownFileType = sourcecode.c.h; path = ViewController.h; sourceTree = "<group>"; };
		961DCA911784B2EE00B95EF9 /* ViewController.m */ = {isa = PBXFileReference; lastKnownFileType = sourcecode.c.objc; path = ViewController.m; sourceTree = "<group>"; };
		961DCA931784B2EF00B95EF9 /* Images.xcassets */ = {isa = PBXFileReference; lastKnownFileType = folder.assetcatalog; path = Images.xcassets; sourceTree = "<group>"; };
		961DCA991784B2EF00B95EF9 /* First iAppTests.xctest */ = {isa = PBXFileReference; explicitFileType = wrapper.cfbundle; includeInIndex = 0; path = "First iAppTests.xctest"; sourceTree = BUILT_PRODUCTS_DIR; };
		961DCA9A1784B2EF00B95EF9 /* XCTest.framework */ = {isa = PBXFileReference; lastKnownFileType = wrapper.framework; name = XCTest.framework; path = Library/Frameworks/XCTest.framework; sourceTree = DEVELOPER_DIR; };
		961DCAA21784B2EF00B95EF9 /* First iAppTests-Info.plist */ = {isa = PBXFileReference; lastKnownFileType = text.plist.xml; path = "First iAppTests-Info.plist"; sourceTree = "<group>"; };
		961DCAA41784B2EF00B95EF9 /* en */ = {isa = PBXFileReference; lastKnownFileType = text.plist.strings; name = en; path = en.lproj/InfoPlist.strings; sourceTree = "<group>"; };
		961DCAA61784B2EF00B95EF9 /* First_iAppTests.m */ = {isa = PBXFileReference; lastKnownFileType = sourcecode.c.objc; path = First_iAppTests.m; sourceTree = "<group>"; };
/* End PBXFileReference section */

/* Begin PBXFrameworksBuildPhase section */
		961DCA721784B2EE00B95EF9 /* Frameworks */ = {
			isa = PBXFrameworksBuildPhase;
			buildActionMask = 2147483647;
			files = (
				961DCA7B1784B2EE00B95EF9 /* CoreGraphics.framework in Frameworks */,
				961DCA7D1784B2EE00B95EF9 /* UIKit.framework in Frameworks */,
				961DCA791784B2EE00B95EF9 /* Foundation.framework in Frameworks */,
			);
			runOnlyForDeploymentPostprocessing = 0;
		};
		961DCA961784B2EF00B95EF9 /* Frameworks */ = {
			isa = PBXFrameworksBuildPhase;
			buildActionMask = 2147483647;
			files = (
				961DCA9B1784B2EF00B95EF9 /* XCTest.framework in Frameworks */,
				961DCA9D1784B2EF00B95EF9 /* UIKit.framework in Frameworks */,
				961DCA9C1784B2EF00B95EF9 /* Foundation.framework in Frameworks */,
			);
			runOnlyForDeploymentPostprocessing = 0;
		};
/* End PBXFrameworksBuildPhase section */

/* Begin PBXGroup section */
		961DCA6C1784B2EE00B95EF9 = {
			isa = PBXGroup;
			children = (
				961DCA7E1784B2EE00B95EF9 /* First iApp */,
				961DCAA01784B2EF00B95EF9 /* First iAppTests */,
				961DCA771784B2EE00B95EF9 /* Frameworks */,
				961DCA761784B2EE00B95EF9 /* Products */,
			);
			sourceTree = "<group>";
		};
		961DCA761784B2EE00B95EF9 /* Products */ = {
			isa = PBXGroup;
			children = (
				961DCA751784B2EE00B95EF9 /* First iApp.app */,
				961DCA991784B2EF00B95EF9 /* First iAppTests.xctest */,
			);
			name = Products;
			sourceTree = "<group>";
		};
		961DCA771784B2EE00B95EF9 /* Frameworks */ = {
			isa = PBXGroup;
			children = (
				961DCA781784B2EE00B95EF9 /* Foundation.framework */,
				961DCA7A1784B2EE00B95EF9 /* CoreGraphics.framework */,
				961DCA7C1784B2EE00B95EF9 /* UIKit.framework */,
				961DCA9A1784B2EF00B95EF9 /* XCTest.framework */,
			);
			name = Frameworks;
			sourceTree = "<group>";
		};
		961DCA7E1784B2EE00B95EF9 /* First iApp */ = {
			isa = PBXGroup;
			children = (
				961DCA871784B2EE00B95EF9 /* AppDelegate.h */,
				961DCA881784B2EE00B95EF9 /* AppDelegate.m */,
				961DCA8A1784B2EE00B95EF9 /* Main_iPhone.storyboard */,
				961DCA8D1784B2EE00B95EF9 /* Main_iPad.storyboard */,
				961DCA901784B2EE00B95EF9 /* ViewController.h */,
				961DCA911784B2EE00B95EF9 /* ViewController.m */,
				961DCA931784B2EF00B95EF9 /* Images.xcassets */,
				961DCA7F1784B2EE00B95EF9 /* Supporting Files */,
			);
			path = "First iApp";
			sourceTree = "<group>";
		};
		961DCA7F1784B2EE00B95EF9 /* Supporting Files */ = {
			isa = PBXGroup;
			children = (
				961DCA801784B2EE00B95EF9 /* First iApp-Info.plist */,
				961DCA811784B2EE00B95EF9 /* InfoPlist.strings */,
				961DCA841784B2EE00B95EF9 /* main.m */,
				961DCA861784B2EE00B95EF9 /* First iApp-Prefix.pch */,
			);
			name = "Supporting Files";
			sourceTree = "<group>";
		};
		961DCAA01784B2EF00B95EF9 /* First iAppTests */ = {
			isa = PBXGroup;
			children = (
				961DCAA61784B2EF00B95EF9 /* First_iAppTests.m */,
				961DCAA11784B2EF00B95EF9 /* Supporting Files */,
			);
			path = "First iAppTests";
			sourceTree = "<group>";
		};
		961DCAA11784B2EF00B95EF9 /* Supporting Files */ = {
			isa = PBXGroup;
			children = (
				961DCAA21784B2EF00B95EF9 /* First iAppTests-Info.plist */,
				961DCAA31784B2EF00B95EF9 /* InfoPlist.strings */,
			);
			name = "Supporting Files";
			sourceTree = "<group>";
		};
/* End PBXGroup section */

/* Begin PBXNativeTarget section */
		961DCA741784B2EE00B95EF9 /* First iApp */ = {
			isa = PBXNativeTarget;
			buildConfigurationList = 961DCAAA1784B2EF00B95EF9 /* Build configuration list for PBXNativeTarget "First iApp" */;
			buildPhases = (
				961DCA711784B2EE00B95EF9 /* Sources */,
				961DCA721784B2EE00B95EF9 /* Frameworks */,
				961DCA731784B2EE00B95EF9 /* Resources */,
			);
			buildRules = (
			);
			dependencies = (
			);
			name = "First iApp";
			productName = "First iApp";
			productReference = 961DCA751784B2EE00B95EF9 /* First iApp.app */;
			productType = "com.apple.product-type.application";
		};
		961DCA981784B2EF00B95EF9 /* First iAppTests */ = {
			isa = PBXNativeTarget;
			buildConfigurationList = 961DCAAD1784B2EF00B95EF9 /* Build configuration list for PBXNativeTarget "First iAppTests" */;
			buildPhases = (
				961DCA951784B2EF00B95EF9 /* Sources */,
				961DCA961784B2EF00B95EF9 /* Frameworks */,
				961DCA971784B2EF00B95EF9 /* Resources */,
			);
			buildRules = (
			);
			dependencies = (
				961DCA9F1784B2EF00B95EF9 /* PBXTargetDependency */,
			);
			name = "First iAppTests";
			productName = "First iAppTests";
			productReference = 961DCA991784B2EF00B95EF9 /* First iAppTests.xctest */;
			productType = "com.apple.product-type.bundle.unit-test";
		};
/* End PBXNativeTarget section */

/* Begin PBXProject section */
		961DCA6D1784B2EE00B95EF9 /* Project object */ = {
			isa = PBXProject;
			attributes = {
				LastUpgradeCheck = 0500;
				ORGANIZATIONNAME = "Charles Wade";
				TargetAttributes = {
					961DCA981784B2EF00B95EF9 = {
						TestTargetID = 961DCA741784B2EE00B95EF9;
					};
				};
			};
			buildConfigurationList = 961DCA701784B2EE00B95EF9 /* Build configuration list for PBXProject "First iApp" */;
			compatibilityVersion = "Xcode 3.2";
			developmentRegion = English;
			hasScannedForEncodings = 0;
			knownRegions = (
				en,
				Base,
			);
			mainGroup = 961DCA6C1784B2EE00B95EF9;
			productRefGroup = 961DCA761784B2EE00B95EF9 /* Products */;
			projectDirPath = "";
			projectRoot = "";
			targets = (
				961DCA741784B2EE00B95EF9 /* First iApp */,
				961DCA981784B2EF00B95EF9 /* First iAppTests */,
			);
		};
/* End PBXProject section */

/* Begin PBXResourcesBuildPhase section */
		961DCA731784B2EE00B95EF9 /* Resources */ = {
			isa = PBXResourcesBuildPhase;
			buildActionMask = 2147483647;
			files = (
				961DCA8F1784B2EE00B95EF9 /* Main_iPad.storyboard in Resources */,
				961DCA941784B2EF00B95EF9 /* Images.xcassets in Resources */,
				961DCA8C1784B2EE00B95EF9 /* Main_iPhone.storyboard in Resources */,
				961DCA831784B2EE00B95EF9 /* InfoPlist.strings in Resources */,
			);
			runOnlyForDeploymentPostprocessing = 0;
		};
		961DCA971784B2EF00B95EF9 /* Resources */ = {
			isa = PBXResourcesBuildPhase;
			buildActionMask = 2147483647;
			files = (
				961DCAA51784B2EF00B95EF9 /* InfoPlist.strings in Resources */,
			);
			runOnlyForDeploymentPostprocessing = 0;
		};
/* End PBXResourcesBuildPhase section */

/* Begin PBXSourcesBuildPhase section */
		961DCA711784B2EE00B95EF9 /* Sources */ = {
			isa = PBXSourcesBuildPhase;
			buildActionMask = 2147483647;
			files = (
				961DCA921784B2EE00B95EF9 /* ViewController.m in Sources */,
				961DCA891784B2EE00B95EF9 /* AppDelegate.m in Sources */,
				961DCA851784B2EE00B95EF9 /* main.m in Sources */,
			);
			runOnlyForDeploymentPostprocessing = 0;
		};
		961DCA951784B2EF00B95EF9 /* Sources */ = {
			isa = PBXSourcesBuildPhase;
			buildActionMask = 2147483647;
			files = (
				961DCAA71784B2EF00B95EF9 /* First_iAppTests.m in Sources */,
			);
			runOnlyForDeploymentPostprocessing = 0;
		};
/* End PBXSourcesBuildPhase section */

/* Begin PBXTargetDependency section */
		961DCA9F1784B2EF00B95EF9 /* PBXTargetDependency */ = {
			isa = PBXTargetDependency;
			target = 961DCA741784B2EE00B95EF9 /* First iApp */;
			targetProxy = 961DCA9E1784B2EF00B95EF9 /* PBXContainerItemProxy */;
		};
/* End PBXTargetDependency section */

/* Begin PBXVariantGroup section */
		961DCA811784B2EE00B95EF9 /* InfoPlist.strings */ = {
			isa = PBXVariantGroup;
			children = (
				961DCA821784B2EE00B95EF9 /* en */,
			);
			name = InfoPlist.strings;
			sourceTree = "<group>";
		};
		961DCA8A1784B2EE00B95EF9 /* Main_iPhone.storyboard */ = {
			isa = PBXVariantGroup;
			children = (
				961DCA8B1784B2EE00B95EF9 /* Base */,
			);
			name = Main_iPhone.storyboard;
			sourceTree = "<group>";
		};
		961DCA8D1784B2EE00B95EF9 /* Main_iPad.storyboard */ = {
			isa = PBXVariantGroup;
			children = (
				961DCA8E1784B2EE00B95EF9 /* Base */,
			);
			name = Main_iPad.storyboard;
			sourceTree = "<group>";
		};
		961DCAA31784B2EF00B95EF9 /* InfoPlist.strings */ = {
			isa = PBXVariantGroup;
			children = (
				961DCAA41784B2EF00B95EF9 /* en */,
			);
			name = InfoPlist.strings;
			sourceTree = "<group>";
		};
/* End PBXVariantGroup section */

/* Begin XCBuildConfiguration section */
		961DCAA81784B2EF00B95EF9 /* Debug */ = {
			isa = XCBuildConfiguration;
			buildSettings = {
				ALWAYS_SEARCH_USER_PATHS = NO;
				CLANG_CXX_LANGUAGE_STANDARD = "gnu++0x";
				CLANG_CXX_LIBRARY = "libc++";
				CLANG_ENABLE_MODULES = YES;
				CLANG_ENABLE_OBJC_ARC = YES;
				CLANG_WARN_BOOL_CONVERSION = YES;
				CLANG_WARN_CONSTANT_CONVERSION = YES;
				CLANG_WARN_DIRECT_OBJC_ISA_USAGE = YES_ERROR;
				CLANG_WARN_EMPTY_BODY = YES;
				CLANG_WARN_ENUM_CONVERSION = YES;
				CLANG_WARN_INT_CONVERSION = YES;
				CLANG_WARN_OBJC_ROOT_CLASS = YES_ERROR;
				CLANG_WARN__DUPLICATE_METHOD_MATCH = YES;
				"CODE_SIGN_IDENTITY[sdk=iphoneos*]" = "iPhone Developer";
				COPY_PHASE_STRIP = NO;
				GCC_C_LANGUAGE_STANDARD = gnu99;
				GCC_DYNAMIC_NO_PIC = NO;
				GCC_OPTIMIZATION_LEVEL = 0;
				GCC_PREPROCESSOR_DEFINITIONS = (
					"DEBUG=1",
					"$(inherited)",
				);
				GCC_SYMBOLS_PRIVATE_EXTERN = NO;
				GCC_WARN_ABOUT_RETURN_TYPE = YES_ERROR;
				GCC_WARN_UNDECLARED_SELECTOR = YES;
				GCC_WARN_UNINITIALIZED_AUTOS = YES;
				GCC_WARN_UNUSED_FUNCTION = YES;
				GCC_WARN_UNUSED_VARIABLE = YES;
				IPHONEOS_DEPLOYMENT_TARGET = 7.0;
				ONLY_ACTIVE_ARCH = YES;
				SDKROOT = iphoneos;
				TARGETED_DEVICE_FAMILY = "1,2";
			};
			name = Debug;
		};
		961DCAA91784B2EF00B95EF9 /* Release */ = {
			isa = XCBuildConfiguration;
			buildSettings = {
				ALWAYS_SEARCH_USER_PATHS = NO;
				CLANG_CXX_LANGUAGE_STANDARD = "gnu++0x";
				CLANG_CXX_LIBRARY = "libc++";
				CLANG_ENABLE_MODULES = YES;
				CLANG_ENABLE_OBJC_ARC = YES;
				CLANG_WARN_BOOL_CONVERSION = YES;
				CLANG_WARN_CONSTANT_CONVERSION = YES;
				CLANG_WARN_DIRECT_OBJC_ISA_USAGE = YES_ERROR;
				CLANG_WARN_EMPTY_BODY = YES;
				CLANG_WARN_ENUM_CONVERSION = YES;
				CLANG_WARN_INT_CONVERSION = YES;
				CLANG_WARN_OBJC_ROOT_CLASS = YES_ERROR;
				CLANG_WARN__DUPLICATE_METHOD_MATCH = YES;
				"CODE_SIGN_IDENTITY[sdk=iphoneos*]" = "iPhone Developer";
				COPY_PHASE_STRIP = YES;
				ENABLE_NS_ASSERTIONS = NO;
				GCC_C_LANGUAGE_STANDARD = gnu99;
				GCC_WARN_ABOUT_RETURN_TYPE = YES_ERROR;
				GCC_WARN_UNDECLARED_SELECTOR = YES;
				GCC_WARN_UNINITIALIZED_AUTOS = YES;
				GCC_WARN_UNUSED_FUNCTION = YES;
				GCC_WARN_UNUSED_VARIABLE = YES;
				IPHONEOS_DEPLOYMENT_TARGET = 7.0;
				SDKROOT = iphoneos;
				TARGETED_DEVICE_FAMILY = "1,2";
				VALIDATE_PRODUCT = YES;
			};
			name = Release;
		};
		961DCAAB1784B2EF00B95EF9 /* Debug */ = {
			isa = XCBuildConfiguration;
			buildSettings = {
				ASSETCATALOG_COMPILER_APPICON_NAME = AppIcon;
				ASSETCATALOG_COMPILER_LAUNCHIMAGE_NAME = LaunchImage;
				GCC_PRECOMPILE_PREFIX_HEADER = YES;
				GCC_PREFIX_HEADER = "First iApp/First iApp-Prefix.pch";
				INFOPLIST_FILE = "First iApp/First iApp-Info.plist";
				PRODUCT_NAME = "$(TARGET_NAME)";
				WRAPPER_EXTENSION = app;
			};
			name = Debug;
		};
		961DCAAC1784B2EF00B95EF9 /* Release */ = {
			isa = XCBuildConfiguration;
			buildSettings = {
				ASSETCATALOG_COMPILER_APPICON_NAME = AppIcon;
				ASSETCATALOG_COMPILER_LAUNCHIMAGE_NAME = LaunchImage;
				GCC_PRECOMPILE_PREFIX_HEADER = YES;
				GCC_PREFIX_HEADER = "First iApp/First iApp-Prefix.pch";
				INFOPLIST_FILE = "First iApp/First iApp-Info.plist";
				PRODUCT_NAME = "$(TARGET_NAME)";
				WRAPPER_EXTENSION = app;
			};
			name = Release;
		};
		961DCAAE1784B2EF00B95EF9 /* Debug */ = {
			isa = XCBuildConfiguration;
			buildSettings = {
				BUNDLE_LOADER = "$(BUILT_PRODUCTS_DIR)/First iApp.app/First iApp";
				FRAMEWORK_SEARCH_PATHS = (
					"$(SDKROOT)/Developer/Library/Frameworks",
					"$(inherited)",
					"$(SYSTEM_APPS_DIR)/Xcode5-DP2.app/Contents/Developer/Library/Frameworks",
				);
				GCC_PRECOMPILE_PREFIX_HEADER = YES;
				GCC_PREFIX_HEADER = "First iApp/First iApp-Prefix.pch";
				GCC_PREPROCESSOR_DEFINITIONS = (
					"DEBUG=1",
					"$(inherited)",
				);
				INFOPLIST_FILE = "First iAppTests/First iAppTests-Info.plist";
				PRODUCT_NAME = "$(TARGET_NAME)";
				TEST_HOST = "$(BUNDLE_LOADER)";
				WRAPPER_EXTENSION = xctest;
			};
			name = Debug;
		};
		961DCAAF1784B2EF00B95EF9 /* Release */ = {
			isa = XCBuildConfiguration;
			buildSettings = {
				BUNDLE_LOADER = "$(BUILT_PRODUCTS_DIR)/First iApp.app/First iApp";
				FRAMEWORK_SEARCH_PATHS = (
					"$(SDKROOT)/Developer/Library/Frameworks",
					"$(inherited)",
					"$(SYSTEM_APPS_DIR)/Xcode5-DP2.app/Contents/Developer/Library/Frameworks",
				);
				GCC_PRECOMPILE_PREFIX_HEADER = YES;
				GCC_PREFIX_HEADER = "First iApp/First iApp-Prefix.pch";
				INFOPLIST_FILE = "First iAppTests/First iAppTests-Info.plist";
				PRODUCT_NAME = "$(TARGET_NAME)";
				TEST_HOST = "$(BUNDLE_LOADER)";
				WRAPPER_EXTENSION = xctest;
			};
			name = Release;
		};
/* End XCBuildConfiguration section */

/* Begin XCConfigurationList section */
		961DCA701784B2EE00B95EF9 /* Build configuration list for PBXProject "First iApp" */ = {
			isa = XCConfigurationList;
			buildConfigurations = (
				961DCAA81784B2EF00B95EF9 /* Debug */,
				961DCAA91784B2EF00B95EF9 /* Release */,
			);
			defaultConfigurationIsVisible = 0;
			defaultConfigurationName = Release;
		};
		961DCAAA1784B2EF00B95EF9 /* Build configuration list for PBXNativeTarget "First iApp" */ = {
			isa = XCConfigurationList;
			buildConfigurations = (
				961DCAAB1784B2EF00B95EF9 /* Debug */,
				961DCAAC1784B2EF00B95EF9 /* Release */,
			);
			defaultConfigurationIsVisible = 0;
		};
		961DCAAD1784B2EF00B95EF9 /* Build configuration list for PBXNativeTarget "First iAppTests" */ = {
			isa = XCConfigurationList;
			buildConfigurations = (
				961DCAAE1784B2EF00B95EF9 /* Debug */,
				961DCAAF1784B2EF00B95EF9 /* Release */,
			);
			defaultConfigurationIsVisible = 0;
		};
/* End XCConfigurationList section */
	};
	rootObject = 961DCA6D1784B2EE00B95EF9 /* Project object */;
}
